
Microsoft Visual Studio Solution File, Format Version 12.00
# Visual Studio Version 16
VisualStudioVersion = 16.0.30804.86
MinimumVisualStudioVersion = 10.0.40219.1
Project("{FAE04EC0-301F-11D3-BF4B-00C04F79EFBC}") = "MVCProject.Web", "MVCProject.Web\MVCProject.Web.csproj", "{FB4A1AC7-B114-4EC9-A5E1-816474E48288}"
EndProject
Project("{FAE04EC0-301F-11D3-BF4B-00C04F79EFBC}") = "MVCProject.Models", "MVCProject.Models\MVCProject.Models.csproj", "{B2AE8C35-AA4F-417A-A0EB-5F6EF3DD2A83}"
EndProject
Project("{FAE04EC0-301F-11D3-BF4B-00C04F79EFBC}") = "MVCProject.Service", "MVCProject.Service\MVCProject.Service.csproj", "{0384E9F1-1CD9-4951-AE58-026808BADDA5}"
EndProject
Global
	GlobalSection(SolutionConfigurationPlatforms) = preSolution
		Debug|Any CPU = Debug|Any CPU
		Release|Any CPU = Release|Any CPU
	EndGlobalSection
	GlobalSection(ProjectConfigurationPlatforms) = postSolution
		{FB4A1AC7-B114-4EC9-A5E1-816474E48288}.Debug|Any CPU.ActiveCfg = Debug|Any CPU
		{FB4A1AC7-B114-4EC9-A5E1-816474E48288}.Debug|Any CPU.Build.0 = Debug|Any CPU
		{FB4A1AC7-B114-4EC9-A5E1-816474E48288}.Release|Any CPU.ActiveCfg = Release|Any CPU
		{FB4A1AC7-B114-4EC9-A5E1-816474E48288}.Release|Any CPU.Build.0 = Release|Any CPU
		{B2AE8C35-AA4F-417A-A0EB-5F6EF3DD2A83}.Debug|Any CPU.ActiveCfg = Debug|Any CPU
		{B2AE8C35-AA4F-417A-A0EB-5F6EF3DD2A83}.Debug|Any CPU.Build.0 = Debug|Any CPU
		{B2AE8C35-AA4F-417A-A0EB-5F6EF3DD2A83}.Release|Any CPU.ActiveCfg = Release|Any CPU
		{B2AE8C35-AA4F-417A-A0EB-5F6EF3DD2A83}.Release|Any CPU.Build.0 = Release|Any CPU
		{0384E9F1-1CD9-4951-AE58-026808BADDA5}.Debug|Any CPU.ActiveCfg = Debug|Any CPU
		{0384E9F1-1CD9-4951-AE58-026808BADDA5}.Debug|Any CPU.Build.0 = Debug|Any CPU
		{0384E9F1-1CD9-4951-AE58-026808BADDA5}.Release|Any CPU.ActiveCfg = Release|Any CPU
		{0384E9F1-1CD9-4951-AE58-026808BADDA5}.Release|Any CPU.Build.0 = Release|Any CPU
	EndGlobalSection
	GlobalSection(SolutionProperties) = preSolution
		HideSolutionNode = FALSE
	EndGlobalSection
	GlobalSection(ExtensibilityGlobals) = postSolution
		SolutionGuid = {6F2E8D06-446C-422F-9C3B-94E0C07903F1}
	EndGlobalSection
EndGlobal
